dependencies:
  espressif/esp_tinyusb:
    component_hash: 6a50305bc61c7a361da8c0833642be824e92dacb0a6001719a832a4e96e471bf
    source:
      service_url: https://api.components.espressif.com/
      type: service
    version: 1.7.6~2
  espressif/mdns:
    component_hash: 8bcf12e37c58c1d584aef32a02b92548124c7a3a9fcf548d3235c844a035e0f0
    source:
      service_url: https://api.components.espressif.com/
      type: service
    version: 1.11.1
  espressif/tinyusb:
    component_hash: a40b7f67df6ac254a4afd96c6401cc56f2059ae747d6d7e66b568bca53ad0edc
    source:
      service_url: https://api.components.espressif.com/
      type: service
    version: 0.19.0~3
  idf:
    component_hash: null
    source:
      type: idf
    version: 5.3.1
manifest_hash: 544369326655284004775261a11ffd9d1aaedc69d8758173e22dff6354794d34
target: esp32s3
version: 1.0.0
